
Microsoft Visual Studio Solution File, Format Version 12.00
# Visual Studio Version 16
VisualStudioVersion = 16.0.31515.178
MinimumVisualStudioVersion = 10.0.40219.1
Project("{9A19103F-16F7-4668-BE54-9A1E7A4F7556}") = "Cli", "XsltTransformer\Cli.csproj", "{D7031E2D-7C12-4455-94A2-B1158CC6B737}"
EndProject
Project("{9A19103F-16F7-4668-BE54-9A1E7A4F7556}") = "XML", "XML\XML.csproj", "{7A63D003-348E-4E35-9BBF-287D3D2D3FF3}"
EndProject
Project("{FAE04EC0-301F-11D3-BF4B-00C04F79EFBC}") = "Dal", "Dal\Dal.csproj", "{12FAB0C9-302D-444E-92DF-2043C02BD06C}"
EndProject
Global
	GlobalSection(SolutionConfigurationPlatforms) = preSolution
		Debug|Any CPU = Debug|Any CPU
		Release|Any CPU = Release|Any CPU
	EndGlobalSection
	GlobalSection(ProjectConfigurationPlatforms) = postSolution
		{D7031E2D-7C12-4455-94A2-B1158CC6B737}.Debug|Any CPU.ActiveCfg = Debug|Any CPU
		{D7031E2D-7C12-4455-94A2-B1158CC6B737}.Debug|Any CPU.Build.0 = Debug|Any CPU
		{D7031E2D-7C12-4455-94A2-B1158CC6B737}.Release|Any CPU.ActiveCfg = Release|Any CPU
		{D7031E2D-7C12-4455-94A2-B1158CC6B737}.Release|Any CPU.Build.0 = Release|Any CPU
		{7A63D003-348E-4E35-9BBF-287D3D2D3FF3}.Debug|Any CPU.ActiveCfg = Debug|Any CPU
		{7A63D003-348E-4E35-9BBF-287D3D2D3FF3}.Debug|Any CPU.Build.0 = Debug|Any CPU
		{7A63D003-348E-4E35-9BBF-287D3D2D3FF3}.Release|Any CPU.ActiveCfg = Release|Any CPU
		{7A63D003-348E-4E35-9BBF-287D3D2D3FF3}.Release|Any CPU.Build.0 = Release|Any CPU
		{12FAB0C9-302D-444E-92DF-2043C02BD06C}.Debug|Any CPU.ActiveCfg = Debug|Any CPU
		{12FAB0C9-302D-444E-92DF-2043C02BD06C}.Debug|Any CPU.Build.0 = Debug|Any CPU
		{12FAB0C9-302D-444E-92DF-2043C02BD06C}.Release|Any CPU.ActiveCfg = Release|Any CPU
		{12FAB0C9-302D-444E-92DF-2043C02BD06C}.Release|Any CPU.Build.0 = Release|Any CPU
	EndGlobalSection
	GlobalSection(SolutionProperties) = preSolution
		HideSolutionNode = FALSE
	EndGlobalSection
	GlobalSection(ExtensibilityGlobals) = postSolution
		SolutionGuid = {57FC6011-BB29-4F07-9CD5-BE91272EB935}
	EndGlobalSection
EndGlobal
